# THIS IS AN AUTOGENERATED FILE. DO NOT EDIT THIS FILE DIRECTLY.
# yarn lockfile v1


big.js@^5.2.2:
  version "5.2.2"
  resolved "https://registry.yarnpkg.com/big.js/-/big.js-5.2.2.tgz#65f0af382f578bcdc742bd9c281e9cb2d7768328"
  integrity sha512-vyL2OymJxmarO8gxMr0mhChsO9QGwhynfuu4+MHTAW6czfq9humCB7rKpUjDd9YUiDPU4mzpyupFSvOClAwbmQ==

dist@^0.1.2:
  version "0.1.2"
  resolved "https://registry.yarnpkg.com/dist/-/dist-0.1.2.tgz#8898629cc251297e36d1354a9a9598619aba5b1a"
  integrity sha1-iJhinMJRKX420TVKmpWYYZq6Wxo=
  dependencies:
    filesize "~1.6.6"
    optimist "~0.3.5"
    uglify-js "~1.3.4"

emojis-list@^3.0.0:
  version "3.0.0"
  resolved "https://registry.yarnpkg.com/emojis-list/-/emojis-list-3.0.0.tgz#5570662046ad29e2e916e71aae260abdff4f6a78"
  integrity sha512-/kyM18EfinwXZbno9FyUGeFh87KC8HRQBQGildHZbEuRyWFOmv1U10o9BBp8XVZDVNNuQKyIGIu5ZYAAXJ0V2Q==

eventemitter3@^3.1.0:
  version "3.1.2"
  resolved "https://registry.yarnpkg.com/eventemitter3/-/eventemitter3-3.1.2.tgz#2d3d48f9c346698fce83a85d7d664e98535df6e7"
  integrity sha512-tvtQIeLVHjDkJYnzf2dgVMxfuSGJeM/7UCG17TT4EumTfNtF+0nebF/4zWOIkCreAbtNqhGEboB6BWrwqNaw4Q==

exports-loader@^0.7.0:
  version "0.7.0"
  resolved "https://registry.yarnpkg.com/exports-loader/-/exports-loader-0.7.0.tgz#84881c784dea6036b8e1cd1dac3da9b6409e21a5"
  integrity sha512-RKwCrO4A6IiKm0pG3c9V46JxIHcDplwwGJn6+JJ1RcVnh/WSGJa0xkmk5cRVtgOPzCAtTMGj2F7nluh9L0vpSA==
  dependencies:
    loader-utils "^1.1.0"
    source-map "0.5.0"

filesize@~1.6.6:
  version "1.6.7"
  resolved "https://registry.yarnpkg.com/filesize/-/filesize-1.6.7.tgz#0d0acf26851e2a7339ffc45ac87e3c2edff0e96e"
  integrity sha1-DQrPJoUeKnM5/8RayH48Lt/w6W4=

imports-loader@^0.8.0:
  version "0.8.0"
  resolved "https://registry.yarnpkg.com/imports-loader/-/imports-loader-0.8.0.tgz#030ea51b8ca05977c40a3abfd9b4088fe0be9a69"
  integrity sha512-kXWL7Scp8KQ4552ZcdVTeaQCZSLW+e6nJfp3cwUMB673T7Hr98Xjx5JK+ql7ADlJUvj1JS5O01RLbKoutN5QDQ==
  dependencies:
    loader-utils "^1.0.2"
    source-map "^0.6.1"

inherits@2.0.3:
  version "2.0.3"
  resolved "https://registry.yarnpkg.com/inherits/-/inherits-2.0.3.tgz#633c2c83e3da42a502f52466022480f4208261de"
  integrity sha1-Yzwsg+PaQqUC9SRmAiSA9CCCYd4=

json5@^1.0.1:
  version "1.0.1"
  resolved "https://registry.yarnpkg.com/json5/-/json5-1.0.1.tgz#779fb0018604fa854eacbf6252180d83543e3dbe"
  integrity sha512-aKS4WQjPenRxiQsC93MNfjx+nbF4PAdYzmd/1JIj8HYzqfbu86beTuNgXDzPknWk0n0uARlyewZo4s++ES36Ow==
  dependencies:
    minimist "^1.2.0"

loader-utils@^1.0.2, loader-utils@^1.1.0:
  version "1.4.0"
  resolved "https://registry.yarnpkg.com/loader-utils/-/loader-utils-1.4.0.tgz#c579b5e34cb34b1a74edc6c1fb36bfa371d5a613"
  integrity sha512-qH0WSMBtn/oHuwjy/NucEgbx5dbxxnxup9s4PVXJUDHZBQY+s0NWA9rJf53RBnQZxfch7euUui7hpoAPvALZdA==
  dependencies:
    big.js "^5.2.2"
    emojis-list "^3.0.0"
    json5 "^1.0.1"

minimist@^1.2.0:
  version "1.2.0"
  resolved "https://registry.yarnpkg.com/minimist/-/minimist-1.2.0.tgz#a35008b20f41383eec1fb914f4cd5df79a264284"
  integrity sha1-o1AIsg9BOD7sH7kU9M1d95omQoQ=

optimist@~0.3.5:
  version "0.3.7"
  resolved "https://registry.yarnpkg.com/optimist/-/optimist-0.3.7.tgz#c90941ad59e4273328923074d2cf2e7cbc6ec0d9"
  integrity sha1-yQlBrVnkJzMokjB00s8ufLxuwNk=
  dependencies:
    wordwrap "~0.0.2"

path@^0.12.7:
  version "0.12.7"
  resolved "https://registry.yarnpkg.com/path/-/path-0.12.7.tgz#d4dc2a506c4ce2197eb481ebfcd5b36c0140b10f"
  integrity sha1-1NwqUGxM4hl+tIHr/NWzbAFAsQ8=
  dependencies:
    process "^0.11.1"
    util "^0.10.3"

phaser@^3.22.0:
  version "3.22.0"
  resolved "https://registry.yarnpkg.com/phaser/-/phaser-3.22.0.tgz#0007e09116e02f93d46f32dabde7a0c864cedf4d"
  integrity sha512-tTmLlnsz+NU9nnVq7jwy1pprpNo1+oFTWlMoSk76VJIdvQ0UIxNXToSijq/Ku2K4PqEuUY4QSYYHxmKv0Mbzhw==
  dependencies:
    eventemitter3 "^3.1.0"
    exports-loader "^0.7.0"
    imports-loader "^0.8.0"
    path "^0.12.7"

phecs@^0.0.1:
  version "0.0.1"
  resolved "https://registry.yarnpkg.com/phecs/-/phecs-0.0.1.tgz#c3dcaa2b54edf562ab73f932ca746f989cb98166"
  integrity sha512-PVMC9qB1nGfHnmrtKkDPYiNjAel4NU2LdjC19ckCtDoRew1gcUL1uiPxcqU4OXBRxN9gO5R7NjsvpOvaXOAv7w==
  dependencies:
    dist "^0.1.2"

process@^0.11.1:
  version "0.11.10"
  resolved "https://registry.yarnpkg.com/process/-/process-0.11.10.tgz#7332300e840161bda3e69a1d1d91a7d4bc16f182"
  integrity sha1-czIwDoQBYb2j5podHZGn1LwW8YI=

source-map@0.5.0:
  version "0.5.0"
  resolved "https://registry.yarnpkg.com/source-map/-/source-map-0.5.0.tgz#0fe96503ac86a5adb5de63f4e412ae4872cdbe86"
  integrity sha1-D+llA6yGpa213mP05BKuSHLNvoY=

source-map@^0.6.1:
  version "0.6.1"
  resolved "https://registry.yarnpkg.com/source-map/-/source-map-0.6.1.tgz#74722af32e9614e9c287a8d0bbde48b5e2f1a263"
  integrity sha512-UjgapumWlbMhkBgzT7Ykc5YXUT46F0iKu8SGXq0bcwP5dz/h0Plj6enJqjz1Zbq2l5WaqYnrVbwWOWMyF3F47g==

typescript@^3.8.3:
  version "3.8.3"
  resolved "https://registry.yarnpkg.com/typescript/-/typescript-3.8.3.tgz#409eb8544ea0335711205869ec458ab109ee1061"
  integrity sha512-MYlEfn5VrLNsgudQTVJeNaQFUAI7DkhnOjdpAp4T+ku1TfQClewlbSuTVHiA+8skNBgaf02TL/kLOvig4y3G8w==

uglify-js@~1.3.4:
  version "1.3.5"
  resolved "https://registry.yarnpkg.com/uglify-js/-/uglify-js-1.3.5.tgz#4b5bfff9186effbaa888e4c9e94bd9fc4c94929d"
  integrity sha1-S1v/+Rhu/7qoiOTJ6UvZ/EyUkp0=

util@^0.10.3:
  version "0.10.4"
  resolved "https://registry.yarnpkg.com/util/-/util-0.10.4.tgz#3aa0125bfe668a4672de58857d3ace27ecb76901"
  integrity sha512-0Pm9hTQ3se5ll1XihRic3FDIku70C+iHUdT/W926rSgHV5QgXsYbKZN8MSC3tJtSkhuROzvsQjAaFENRXr+19A==
  dependencies:
    inherits "2.0.3"

wordwrap@~0.0.2:
  version "0.0.3"
  resolved "https://registry.yarnpkg.com/wordwrap/-/wordwrap-0.0.3.tgz#a3d5da6cd5c0bc0008d37234bbaf1bed63059107"
  integrity sha1-o9XabNXAvAAI03I0u68b7WMFkQc=
